Microsoft Visual Studio Solution File, Format Version 12.00
# Visual Studio Version 17
VisualStudioVersion = 17.0.31903.59
MinimumVisualStudioVersion = 10.0.40219.1
Project("{FAE04EC0-301F-11D3-BF4B-00C04F79EFBC}") = "IBMTerminalTheme", "IBMTerminalTheme.csproj", "{01ECE4CD-81D7-480C-9B70-458F10874E13}"
EndProject
Global
	GlobalSection(SolutionConfigurationPlatforms) = preSolution
		Debug|Any CPU = Debug|Any CPU
		Release|Any CPU = Release|Any CPU
	EndGlobalSection
	GlobalSection(ProjectConfigurationPlatforms) = postSolution
		{01ECE4CD-81D7-480C-9B70-458F10874E13}.Debug|Any CPU.ActiveCfg = Debug|AnyCPU
		{01ECE4CD-81D7-480C-9B70-458F10874E13}.Debug|Any CPU.Build.0 = Debug|AnyCPU
		{01ECE4CD-81D7-480C-9B70-458F10874E13}.Release|Any CPU.ActiveCfg = Release|AnyCPU
		{01ECE4CD-81D7-480C-9B70-458F10874E13}.Release|Any CPU.Build.0 = Release|AnyCPU
	EndGlobalSection
EndGlobal
